
Microsoft Visual Studio Solution File, Format Version 12.00
# Visual Studio 15
VisualStudioVersion = 15.0.27130.2027
MinimumVisualStudioVersion = 10.0.40219.1
Project("{FAE04EC0-301F-11D3-BF4B-00C04F79EFBC}") = "FireEmblemRPS", "FireEmblemRPS\FireEmblemRPS.csproj", "{F044EAE1-D035-4C38-ACB5-4FD676B179C7}"
EndProject
Global
	GlobalSection(SolutionConfigurationPlatforms) = preSolution
		Debug|Any CPU = Debug|Any CPU
		Release|Any CPU = Release|Any CPU
	EndGlobalSection
	GlobalSection(ProjectConfigurationPlatforms) = postSolution
		{F044EAE1-D035-4C38-ACB5-4FD676B179C7}.Debug|Any CPU.ActiveCfg = Debug|Any CPU
		{F044EAE1-D035-4C38-ACB5-4FD676B179C7}.Debug|Any CPU.Build.0 = Debug|Any CPU
		{F044EAE1-D035-4C38-ACB5-4FD676B179C7}.Release|Any CPU.ActiveCfg = Release|Any CPU
		{F044EAE1-D035-4C38-ACB5-4FD676B179C7}.Release|Any CPU.Build.0 = Release|Any CPU
	EndGlobalSection
	GlobalSection(SolutionProperties) = preSolution
		HideSolutionNode = FALSE
	EndGlobalSection
	GlobalSection(ExtensibilityGlobals) = postSolution
		SolutionGuid = {BC21DC3C-DB2D-41E5-8805-2328C850CDD9}
	EndGlobalSection
EndGlobal
